{
  "originHash" : "8648e89ff678bc94016e699f83082893c59196070f128e2e720cf954790530e9",
  "pins" : [
    {
      "identity" : "eventtapper",
      "kind" : "remoteSourceControl",
      "location" : "https://github.com/usagimaru/EventTapper",
      "state" : {
        "branch" : "main",
        "revision" : "50b004da37d2497ab6fdc3b017b2a2ca5f109246"
      }
    }
  ],
  "version" : 3
}
